Microsoft Visual Studio Solution File, Format Version 12.00
# Visual Studio Version 17
VisualStudioVersion = 17.5.2.0
MinimumVisualStudioVersion = 10.0.40219.1
Project("{FAE04EC0-301F-11D3-BF4B-00C04F79EFBC}") = "SSJtest", "SSJtest.csproj", "{989DD1DF-1E21-BD60-C0F4-24C9EF2B728F}"
EndProject
Global
	GlobalSection(SolutionConfigurationPlatforms) = preSolution
		Debug|Any CPU = Debug|Any CPU
		Release|Any CPU = Release|Any CPU
	EndGlobalSection
	GlobalSection(ProjectConfigurationPlatforms) = postSolution
		{989DD1DF-1E21-BD60-C0F4-24C9EF2B728F}.Debug|Any CPU.ActiveCfg = Debug|Any CPU
		{989DD1DF-1E21-BD60-C0F4-24C9EF2B728F}.Debug|Any CPU.Build.0 = Debug|Any CPU
		{989DD1DF-1E21-BD60-C0F4-24C9EF2B728F}.Release|Any CPU.ActiveCfg = Release|Any CPU
		{989DD1DF-1E21-BD60-C0F4-24C9EF2B728F}.Release|Any CPU.Build.0 = Release|Any CPU
	EndGlobalSection
	GlobalSection(SolutionProperties) = preSolution
		HideSolutionNode = FALSE
	EndGlobalSection
	GlobalSection(ExtensibilityGlobals) = postSolution
		SolutionGuid = {62CEB698-BD13-4ADF-8CA8-C3C8458E562A}
	EndGlobalSection
EndGlobal
